
Microsoft Visual Studio Solution File, Format Version 12.00
# Visual Studio Version 16
VisualStudioVersion = 16.0.32413.511
MinimumVisualStudioVersion = 10.0.40219.1
Project("{888888A0-9F3D-457C-B088-3A5042F75D52}") = "Fondo", "Fondo.pyproj", "{B27FAF3D-AF0D-497A-8011-15D0A0EECF7A}"
EndProject
Global
	GlobalSection(SolutionConfigurationPlatforms) = preSolution
		Debug|Any CPU = Debug|Any CPU
		Release|Any CPU = Release|Any CPU
	EndGlobalSection
	GlobalSection(ProjectConfigurationPlatforms) = postSolution
		{B27FAF3D-AF0D-497A-8011-15D0A0EECF7A}.Debug|Any CPU.ActiveCfg = Debug|Any CPU
		{B27FAF3D-AF0D-497A-8011-15D0A0EECF7A}.Release|Any CPU.ActiveCfg = Release|Any CPU
	EndGlobalSection
	GlobalSection(SolutionProperties) = preSolution
		HideSolutionNode = FALSE
	EndGlobalSection
	GlobalSection(ExtensibilityGlobals) = postSolution
		SolutionGuid = {DE352C2E-BC29-4C04-8264-41844CE0EF0A}
	EndGlobalSection
EndGlobal
